// !$*UTF8*$!
{
	archiveVersion = 1;
	classes = {
	};
	objectVersion = 46;
	objects = {

/* Begin PBXBuildFile section */
		D25E07D21BA1C80400C3C586 /* main.m in Sources */ = {isa = PBXBuildFile; fileRef = D25E07D11BA1C80400C3C586 /* main.m */; };
		D25E07D51BA1C80400C3C586 /* AppDelegate.m in Sources */ = {isa = PBXBuildFile; fileRef = D25E07D41BA1C80400C3C586 /* AppDelegate.m */; };
		D25E07D81BA1C80400C3C586 /* Task1.xcdatamodeld in Sources */ = {isa = PBXBuildFile; fileRef = D25E07D61BA1C80400C3C586 /* Task1.xcdatamodeld */; };
		D25E07E01BA1C80400C3C586 /* Images.xcassets in Resources */ = {isa = PBXBuildFile; fileRef = D25E07DF1BA1C80400C3C586 /* Images.xcassets */; };
		D25E07EF1BA1C80400C3C586 /* Task1Tests.m in Sources */ = {isa = PBXBuildFile; fileRef = D25E07EE1BA1C80400C3C586 /* Task1Tests.m */; };
		D25E07FB1BA2A72500C3C586 /* MapViewController.m in Sources */ = {isa = PBXBuildFile; fileRef = D25E07F91BA2A72500C3C586 /* MapViewController.m */; };
		D25E07FC1BA2A72500C3C586 /* MapViewController.xib in Resources */ = {isa = PBXBuildFile; fileRef = D25E07FA1BA2A72500C3C586 /* MapViewController.xib */; };
		D25E08051BA2A82600C3C586 /* ListViewController.m in Sources */ = {isa = PBXBuildFile; fileRef = D25E08031BA2A82600C3C586 /* ListViewController.m */; };
		D25E08061BA2A82600C3C586 /* ListViewController.xib in Resources */ = {isa = PBXBuildFile; fileRef = D25E08041BA2A82600C3C586 /* ListViewController.xib */; };
		D25E08091BA2AAD100C3C586 /* Annotation.m in Sources */ = {isa = PBXBuildFile; fileRef = D25E08081BA2AAD100C3C586 /* Annotation.m */; };
		D25E080B1BA2B04F00C3C586 /* MapKit.framework in Frameworks */ = {isa = PBXBuildFile; fileRef = D25E080A1BA2B04F00C3C586 /* MapKit.framework */; };
		D25E080E1BA2BBE900C3C586 /* Coordinates.m in Sources */ = {isa = PBXBuildFile; fileRef = D25E080D1BA2BBE900C3C586 /* Coordinates.m */; };
		D25E08121BA2BDA700C3C586 /* CoreDataHelper.m in Sources */ = {isa = PBXBuildFile; fileRef = D25E08111BA2BDA700C3C586 /* CoreDataHelper.m */; };
		D25E081D1BA2CD8200C3C586 /* CoordinatesViewController.m in Sources */ = {isa = PBXBuildFile; fileRef = D25E081B1BA2CD8200C3C586 /* CoordinatesViewController.m */; };
		D25E081E1BA2CD8200C3C586 /* CoordinatesViewController.xib in Resources */ = {isa = PBXBuildFile; fileRef = D25E081C1BA2CD8200C3C586 /* CoordinatesViewController.xib */; };
		D25E08221BA2CF5600C3C586 /* CoordinatesViewCell.m in Sources */ = {isa = PBXBuildFile; fileRef = D25E08201BA2CF5600C3C586 /* CoordinatesViewCell.m */; };
		D25E08231BA2CF5600C3C586 /* CoordinatesViewCell.xib in Resources */ = {isa = PBXBuildFile; fileRef = D25E08211BA2CF5600C3C586 /* CoordinatesViewCell.xib */; };
		D25E08271BA3083300C3C586 /* DetailCoordinatesViewController.m in Sources */ = {isa = PBXBuildFile; fileRef = D25E08251BA3083300C3C586 /* DetailCoordinatesViewController.m */; };
		D25E08281BA3083300C3C586 /* DetailCoordinatesViewController.xib in Resources */ = {isa = PBXBuildFile; fileRef = D25E08261BA3083300C3C586 /* DetailCoordinatesViewController.xib */; };
		D25E082A1BA6A6E700C3C586 /* table_indicator.png in Resources */ = {isa = PBXBuildFile; fileRef = D25E08291BA6A6E700C3C586 /* table_indicator.png */; };
		D25E08331BA6BCF000C3C586 /* FlickerViewController.m in Sources */ = {isa = PBXBuildFile; fileRef = D25E08311BA6BCF000C3C586 /* FlickerViewController.m */; };
		D25E08341BA6BCF000C3C586 /* FlickerViewController.xib in Resources */ = {isa = PBXBuildFile; fileRef = D25E08321BA6BCF000C3C586 /* FlickerViewController.xib */; };
		D25E083D1BA6C34D00C3C586 /* FlickerCollectionViewCell.m in Sources */ = {isa = PBXBuildFile; fileRef = D25E083B1BA6C34D00C3C586 /* FlickerCollectionViewCell.m */; };
		D25E083E1BA6C34D00C3C586 /* FlickerCollectionViewCell.xib in Resources */ = {isa = PBXBuildFile; fileRef = D25E083C1BA6C34D00C3C586 /* FlickerCollectionViewCell.xib */; };
		D25E08471BA700F100C3C586 /* DetailImageViewController.m in Sources */ = {isa = PBXBuildFile; fileRef = D25E08451BA700F100C3C586 /* DetailImageViewController.m */; };
		D25E08481BA700F100C3C586 /* DetailImageViewController.xib in Resources */ = {isa = PBXBuildFile; fileRef = D25E08461BA700F100C3C586 /* DetailImageViewController.xib */; };
/* End PBXBuildFile section */

/* Begin PBXContainerItemProxy section */
		D25E07E91BA1C80400C3C586 /* PBXContainerItemProxy */ = {
			isa = PBXContainerItemProxy;
			containerPortal = D25E07C41BA1C80400C3C586 /* Project object */;
			proxyType = 1;
			remoteGlobalIDString = D25E07CB1BA1C80400C3C586;
			remoteInfo = Task1;
		};
/* End PBXContainerItemProxy section */

/* Begin PBXFileReference section */
		D25E07CC1BA1C80400C3C586 /* Task1.app */ = {isa = PBXFileReference; explicitFileType = wrapper.application; includeInIndex = 0; path = Task1.app; sourceTree = BUILT_PRODUCTS_DIR; };
		D25E07D01BA1C80400C3C586 /* Info.plist */ = {isa = PBXFileReference; lastKnownFileType = text.plist.xml; path = Info.plist; sourceTree = "<group>"; };
		D25E07D11BA1C80400C3C586 /* main.m */ = {isa = PBXFileReference; lastKnownFileType = sourcecode.c.objc; path = main.m; sourceTree = "<group>"; };
		D25E07D31BA1C80400C3C586 /* AppDelegate.h */ = {isa = PBXFileReference; lastKnownFileType = sourcecode.c.h; path = AppDelegate.h; sourceTree = "<group>"; };
		D25E07D41BA1C80400C3C586 /* AppDelegate.m */ = {isa = PBXFileReference; lastKnownFileType = sourcecode.c.objc; path = AppDelegate.m; sourceTree = "<group>"; };
		D25E07D71BA1C80400C3C586 /* Task1.xcdatamodel */ = {isa = PBXFileReference; lastKnownFileType = wrapper.xcdatamodel; path = Task1.xcdatamodel; sourceTree = "<group>"; };
		D25E07DF1BA1C80400C3C586 /* Images.xcassets */ = {isa = PBXFileReference; lastKnownFileType = folder.assetcatalog; path = Images.xcassets; sourceTree = "<group>"; };
		D25E07E81BA1C80400C3C586 /* Task1Tests.xctest */ = {isa = PBXFileReference; explicitFileType = wrapper.cfbundle; includeInIndex = 0; path = Task1Tests.xctest; sourceTree = BUILT_PRODUCTS_DIR; };
		D25E07ED1BA1C80400C3C586 /* Info.plist */ = {isa = PBXFileReference; lastKnownFileType = text.plist.xml; path = Info.plist; sourceTree = "<group>"; };
		D25E07EE1BA1C80400C3C586 /* Task1Tests.m */ = {isa = PBXFileReference; lastKnownFileType = sourcecode.c.objc; path = Task1Tests.m; sourceTree = "<group>"; };
		D25E07F81BA2A72500C3C586 /* MapViewController.h */ = {isa = PBXFileReference; fileEncoding = 4; lastKnownFileType = sourcecode.c.h; path = MapViewController.h; sourceTree = "<group>"; };
		D25E07F91BA2A72500C3C586 /* MapViewController.m */ = {isa = PBXFileReference; fileEncoding = 4; lastKnownFileType = sourcecode.c.objc; path = MapViewController.m; sourceTree = "<group>"; };
		D25E07FA1BA2A72500C3C586 /* MapViewController.xib */ = {isa = PBXFileReference; fileEncoding = 4; lastKnownFileType = file.xib; path = MapViewController.xib; sourceTree = "<group>"; };
		D25E08021BA2A82600C3C586 /* ListViewController.h */ = {isa = PBXFileReference; fileEncoding = 4; lastKnownFileType = sourcecode.c.h; path = ListViewController.h; sourceTree = "<group>"; };
		D25E08031BA2A82600C3C586 /* ListViewController.m */ = {isa = PBXFileReference; fileEncoding = 4; lastKnownFileType = sourcecode.c.objc; path = ListViewController.m; sourceTree = "<group>"; };
		D25E08041BA2A82600C3C586 /* ListViewController.xib */ = {isa = PBXFileReference; fileEncoding = 4; lastKnownFileType = file.xib; path = ListViewController.xib; sourceTree = "<group>"; };
		D25E08071BA2AAD100C3C586 /* Annotation.h */ = {isa = PBXFileReference; fileEncoding = 4; lastKnownFileType = sourcecode.c.h; path = Annotation.h; sourceTree = "<group>"; };
		D25E08081BA2AAD100C3C586 /* Annotation.m */ = {isa = PBXFileReference; fileEncoding = 4; lastKnownFileType = sourcecode.c.objc; path = Annotation.m; sourceTree = "<group>"; };
		D25E080A1BA2B04F00C3C586 /* MapKit.framework */ = {isa = PBXFileReference; lastKnownFileType = wrapper.framework; name = MapKit.framework; path = System/Library/Frameworks/MapKit.framework; sourceTree = SDKROOT; };
		D25E080C1BA2BBE900C3C586 /* Coordinates.h */ = {isa = PBXFileReference; fileEncoding = 4; lastKnownFileType = sourcecode.c.h; path = Coordinates.h; sourceTree = "<group>"; };
		D25E080D1BA2BBE900C3C586 /* Coordinates.m */ = {isa = PBXFileReference; fileEncoding = 4; lastKnownFileType = sourcecode.c.objc; path = Coordinates.m; sourceTree = "<group>"; };
		D25E08101BA2BDA700C3C586 /* CoreDataHelper.h */ = {isa = PBXFileReference; fileEncoding = 4; lastKnownFileType = sourcecode.c.h; path = CoreDataHelper.h; sourceTree = "<group>"; };
		D25E08111BA2BDA700C3C586 /* CoreDataHelper.m */ = {isa = PBXFileReference; fileEncoding = 4; lastKnownFileType = sourcecode.c.objc; path = CoreDataHelper.m; sourceTree = "<group>"; };
		D25E081A1BA2CD8200C3C586 /* CoordinatesViewController.h */ = {isa = PBXFileReference; fileEncoding = 4; lastKnownFileType = sourcecode.c.h; path = CoordinatesViewController.h; sourceTree = "<group>"; };
		D25E081B1BA2CD8200C3C586 /* CoordinatesViewController.m */ = {isa = PBXFileReference; fileEncoding = 4; lastKnownFileType = sourcecode.c.objc; path = CoordinatesViewController.m; sourceTree = "<group>"; };
		D25E081C1BA2CD8200C3C586 /* CoordinatesViewController.xib */ = {isa = PBXFileReference; fileEncoding = 4; lastKnownFileType = file.xib; path = CoordinatesViewController.xib; sourceTree = "<group>"; };
		D25E081F1BA2CF5600C3C586 /* CoordinatesViewCell.h */ = {isa = PBXFileReference; fileEncoding = 4; lastKnownFileType = sourcecode.c.h; path = CoordinatesViewCell.h; sourceTree = "<group>"; };
		D25E08201BA2CF5600C3C586 /* CoordinatesViewCell.m */ = {isa = PBXFileReference; fileEncoding = 4; lastKnownFileType = sourcecode.c.objc; path = CoordinatesViewCell.m; sourceTree = "<group>"; };
		D25E08211BA2CF5600C3C586 /* CoordinatesViewCell.xib */ = {isa = PBXFileReference; fileEncoding = 4; lastKnownFileType = file.xib; path = CoordinatesViewCell.xib; sourceTree = "<group>"; };
		D25E08241BA3083300C3C586 /* DetailCoordinatesViewController.h */ = {isa = PBXFileReference; fileEncoding = 4; lastKnownFileType = sourcecode.c.h; path = DetailCoordinatesViewController.h; sourceTree = "<group>"; };
		D25E08251BA3083300C3C586 /* DetailCoordinatesViewController.m */ = {isa = PBXFileReference; fileEncoding = 4; lastKnownFileType = sourcecode.c.objc; path = DetailCoordinatesViewController.m; sourceTree = "<group>"; };
		D25E08261BA3083300C3C586 /* DetailCoordinatesViewController.xib */ = {isa = PBXFileReference; fileEncoding = 4; lastKnownFileType = file.xib; path = DetailCoordinatesViewController.xib; sourceTree = "<group>"; };
		D25E08291BA6A6E700C3C586 /* table_indicator.png */ = {isa = PBXFileReference; lastKnownFileType = image.png; name = table_indicator.png; path = ../../../../Downloads/table_indicator.png; sourceTree = "<group>"; };
		D25E08301BA6BCF000C3C586 /* FlickerViewController.h */ = {isa = PBXFileReference; fileEncoding = 4; lastKnownFileType = sourcecode.c.h; path = FlickerViewController.h; sourceTree = "<group>"; };
		D25E08311BA6BCF000C3C586 /* FlickerViewController.m */ = {isa = PBXFileReference; fileEncoding = 4; lastKnownFileType = sourcecode.c.objc; path = FlickerViewController.m; sourceTree = "<group>"; };
		D25E08321BA6BCF000C3C586 /* FlickerViewController.xib */ = {isa = PBXFileReference; fileEncoding = 4; lastKnownFileType = file.xib; path = FlickerViewController.xib; sourceTree = "<group>"; };
		D25E083A1BA6C34D00C3C586 /* FlickerCollectionViewCell.h */ = {isa = PBXFileReference; fileEncoding = 4; lastKnownFileType = sourcecode.c.h; path = FlickerCollectionViewCell.h; sourceTree = "<group>"; };
		D25E083B1BA6C34D00C3C586 /* FlickerCollectionViewCell.m */ = {isa = PBXFileReference; fileEncoding = 4; lastKnownFileType = sourcecode.c.objc; path = FlickerCollectionViewCell.m; sourceTree = "<group>"; };
		D25E083C1BA6C34D00C3C586 /* FlickerCollectionViewCell.xib */ = {isa = PBXFileReference; fileEncoding = 4; lastKnownFileType = file.xib; path = FlickerCollectionViewCell.xib; sourceTree = "<group>"; };
		D25E08441BA700F100C3C586 /* DetailImageViewController.h */ = {isa = PBXFileReference; fileEncoding = 4; lastKnownFileType = sourcecode.c.h; path = DetailImageViewController.h; sourceTree = "<group>"; };
		D25E08451BA700F100C3C586 /* DetailImageViewController.m */ = {isa = PBXFileReference; fileEncoding = 4; lastKnownFileType = sourcecode.c.objc; path = DetailImageViewController.m; sourceTree = "<group>"; };
		D25E08461BA700F100C3C586 /* DetailImageViewController.xib */ = {isa = PBXFileReference; fileEncoding = 4; lastKnownFileType = file.xib; path = DetailImageViewController.xib; sourceTree = "<group>"; };
/* End PBXFileReference section */

/* Begin PBXFrameworksBuildPhase section */
		D25E07C91BA1C80400C3C586 /* Frameworks */ = {
			isa = PBXFrameworksBuildPhase;
			buildActionMask = 2147483647;
			files = (
				D25E080B1BA2B04F00C3C586 /* MapKit.framework in Frameworks */,
			);
			runOnlyForDeploymentPostprocessing = 0;
		};
		D25E07E51BA1C80400C3C586 /* Frameworks */ = {
			isa = PBXFrameworksBuildPhase;
			buildActionMask = 2147483647;
			files = (
			);
			runOnlyForDeploymentPostprocessing = 0;
		};
/* End PBXFrameworksBuildPhase section */

/* Begin PBXGroup section */
		D25E07C31BA1C80400C3C586 = {
			isa = PBXGroup;
			children = (
				D25E080A1BA2B04F00C3C586 /* MapKit.framework */,
				D25E07CE1BA1C80400C3C586 /* Task1 */,
				D25E07EB1BA1C80400C3C586 /* Task1Tests */,
				D25E07CD1BA1C80400C3C586 /* Products */,
			);
			sourceTree = "<group>";
		};
		D25E07CD1BA1C80400C3C586 /* Products */ = {
			isa = PBXGroup;
			children = (
				D25E07CC1BA1C80400C3C586 /* Task1.app */,
				D25E07E81BA1C80400C3C586 /* Task1Tests.xctest */,
			);
			name = Products;
			sourceTree = "<group>";
		};
		D25E07CE1BA1C80400C3C586 /* Task1 */ = {
			isa = PBXGroup;
			children = (
				D25E07D31BA1C80400C3C586 /* AppDelegate.h */,
				D25E07D41BA1C80400C3C586 /* AppDelegate.m */,
				D25E08491BA943CA00C3C586 /* Map View */,
				D25E084A1BA943E400C3C586 /* Coordinates Manager */,
				D25E084B1BA9441300C3C586 /* Task Queue */,
				D25E080F1BA2BBF300C3C586 /* Models */,
				D25E07DF1BA1C80400C3C586 /* Images.xcassets */,
				D25E07D61BA1C80400C3C586 /* Task1.xcdatamodeld */,
				D25E07CF1BA1C80400C3C586 /* Supporting Files */,
			);
			path = Task1;
			sourceTree = "<group>";
		};
		D25E07CF1BA1C80400C3C586 /* Supporting Files */ = {
			isa = PBXGroup;
			children = (
				D25E08291BA6A6E700C3C586 /* table_indicator.png */,
				D25E07D01BA1C80400C3C586 /* Info.plist */,
				D25E07D11BA1C80400C3C586 /* main.m */,
				D25E08101BA2BDA700C3C586 /* CoreDataHelper.h */,
				D25E08111BA2BDA700C3C586 /* CoreDataHelper.m */,
			);
			name = "Supporting Files";
			sourceTree = "<group>";
		};
		D25E07EB1BA1C80400C3C586 /* Task1Tests */ = {
			isa = PBXGroup;
			children = (
				D25E07EE1BA1C80400C3C586 /* Task1Tests.m */,
				D25E07EC1BA1C80400C3C586 /* Supporting Files */,
			);
			path = Task1Tests;
			sourceTree = "<group>";
		};
		D25E07EC1BA1C80400C3C586 /* Supporting Files */ = {
			isa = PBXGroup;
			children = (
				D25E07ED1BA1C80400C3C586 /* Info.plist */,
			);
			name = "Supporting Files";
			sourceTree = "<group>";
		};
		D25E080F1BA2BBF300C3C586 /* Models */ = {
			isa = PBXGroup;
			children = (
				D25E08071BA2AAD100C3C586 /* Annotation.h */,
				D25E08081BA2AAD100C3C586 /* Annotation.m */,
				D25E080C1BA2BBE900C3C586 /* Coordinates.h */,
				D25E080D1BA2BBE900C3C586 /* Coordinates.m */,
			);
			name = Models;
			sourceTree = "<group>";
		};
		D25E08491BA943CA00C3C586 /* Map View */ = {
			isa = PBXGroup;
			children = (
				D25E07F81BA2A72500C3C586 /* MapViewController.h */,
				D25E07F91BA2A72500C3C586 /* MapViewController.m */,
				D25E07FA1BA2A72500C3C586 /* MapViewController.xib */,
			);
			name = "Map View";
			sourceTree = "<group>";
		};
		D25E084A1BA943E400C3C586 /* Coordinates Manager */ = {
			isa = PBXGroup;
			children = (
				D25E081A1BA2CD8200C3C586 /* CoordinatesViewController.h */,
				D25E081B1BA2CD8200C3C586 /* CoordinatesViewController.m */,
				D25E081C1BA2CD8200C3C586 /* CoordinatesViewController.xib */,
				D25E081F1BA2CF5600C3C586 /* CoordinatesViewCell.h */,
				D25E08201BA2CF5600C3C586 /* CoordinatesViewCell.m */,
				D25E08211BA2CF5600C3C586 /* CoordinatesViewCell.xib */,
				D25E08241BA3083300C3C586 /* DetailCoordinatesViewController.h */,
				D25E08251BA3083300C3C586 /* DetailCoordinatesViewController.m */,
				D25E08261BA3083300C3C586 /* DetailCoordinatesViewController.xib */,
				D25E08301BA6BCF000C3C586 /* FlickerViewController.h */,
				D25E08311BA6BCF000C3C586 /* FlickerViewController.m */,
				D25E08321BA6BCF000C3C586 /* FlickerViewController.xib */,
				D25E083A1BA6C34D00C3C586 /* FlickerCollectionViewCell.h */,
				D25E083B1BA6C34D00C3C586 /* FlickerCollectionViewCell.m */,
				D25E083C1BA6C34D00C3C586 /* FlickerCollectionViewCell.xib */,
				D25E08441BA700F100C3C586 /* DetailImageViewController.h */,
				D25E08451BA700F100C3C586 /* DetailImageViewController.m */,
				D25E08461BA700F100C3C586 /* DetailImageViewController.xib */,
			);
			name = "Coordinates Manager";
			sourceTree = "<group>";
		};
		D25E084B1BA9441300C3C586 /* Task Queue */ = {
			isa = PBXGroup;
			children = (
				D25E08021BA2A82600C3C586 /* ListViewController.h */,
				D25E08031BA2A82600C3C586 /* ListViewController.m */,
				D25E08041BA2A82600C3C586 /* ListViewController.xib */,
			);
			name = "Task Queue";
			sourceTree = "<group>";
		};
/* End PBXGroup section */

/* Begin PBXNativeTarget section */
		D25E07CB1BA1C80400C3C586 /* Task1 */ = {
			isa = PBXNativeTarget;
			buildConfigurationList = D25E07F21BA1C80400C3C586 /* Build configuration list for PBXNativeTarget "Task1" */;
			buildPhases = (
				D25E07C81BA1C80400C3C586 /* Sources */,
				D25E07C91BA1C80400C3C586 /* Frameworks */,
				D25E07CA1BA1C80400C3C586 /* Resources */,
			);
			buildRules = (
			);
			dependencies = (
			);
			name = Task1;
			productName = Task1;
			productReference = D25E07CC1BA1C80400C3C586 /* Task1.app */;
			productType = "com.apple.product-type.application";
		};
		D25E07E71BA1C80400C3C586 /* Task1Tests */ = {
			isa = PBXNativeTarget;
			buildConfigurationList = D25E07F51BA1C80400C3C586 /* Build configuration list for PBXNativeTarget "Task1Tests" */;
			buildPhases = (
				D25E07E41BA1C80400C3C586 /* Sources */,
				D25E07E51BA1C80400C3C586 /* Frameworks */,
				D25E07E61BA1C80400C3C586 /* Resources */,
			);
			buildRules = (
			);
			dependencies = (
				D25E07EA1BA1C80400C3C586 /* PBXTargetDependency */,
			);
			name = Task1Tests;
			productName = Task1Tests;
			productReference = D25E07E81BA1C80400C3C586 /* Task1Tests.xctest */;
			productType = "com.apple.product-type.bundle.unit-test";
		};
/* End PBXNativeTarget section */

/* Begin PBXProject section */
		D25E07C41BA1C80400C3C586 /* Project object */ = {
			isa = PBXProject;
			attributes = {
				LastUpgradeCheck = 0640;
				ORGANIZATIONNAME = "Marcin Mackiewicz";
				TargetAttributes = {
					D25E07CB1BA1C80400C3C586 = {
						CreatedOnToolsVersion = 6.4;
					};
					D25E07E71BA1C80400C3C586 = {
						CreatedOnToolsVersion = 6.4;
						TestTargetID = D25E07CB1BA1C80400C3C586;
					};
				};
			};
			buildConfigurationList = D25E07C71BA1C80400C3C586 /* Build configuration list for PBXProject "Task1" */;
			compatibilityVersion = "Xcode 3.2";
			developmentRegion = English;
			hasScannedForEncodings = 0;
			knownRegions = (
				en,
				Base,
			);
			mainGroup = D25E07C31BA1C80400C3C586;
			productRefGroup = D25E07CD1BA1C80400C3C586 /* Products */;
			projectDirPath = "";
			projectRoot = "";
			targets = (
				D25E07CB1BA1C80400C3C586 /* Task1 */,
				D25E07E71BA1C80400C3C586 /* Task1Tests */,
			);
		};
/* End PBXProject section */

/* Begin PBXResourcesBuildPhase section */
		D25E07CA1BA1C80400C3C586 /* Resources */ = {
			isa = PBXResourcesBuildPhase;
			buildActionMask = 2147483647;
			files = (
				D25E081E1BA2CD8200C3C586 /* CoordinatesViewController.xib in Resources */,
				D25E08481BA700F100C3C586 /* DetailImageViewController.xib in Resources */,
				D25E08341BA6BCF000C3C586 /* FlickerViewController.xib in Resources */,
				D25E083E1BA6C34D00C3C586 /* FlickerCollectionViewCell.xib in Resources */,
				D25E07E01BA1C80400C3C586 /* Images.xcassets in Resources */,
				D25E08231BA2CF5600C3C586 /* CoordinatesViewCell.xib in Resources */,
				D25E08281BA3083300C3C586 /* DetailCoordinatesViewController.xib in Resources */,
				D25E082A1BA6A6E700C3C586 /* table_indicator.png in Resources */,
				D25E08061BA2A82600C3C586 /* ListViewController.xib in Resources */,
				D25E07FC1BA2A72500C3C586 /* MapViewController.xib in Resources */,
			);
			runOnlyForDeploymentPostprocessing = 0;
		};
		D25E07E61BA1C80400C3C586 /* Resources */ = {
			isa = PBXResourcesBuildPhase;
			buildActionMask = 2147483647;
			files = (
			);
			runOnlyForDeploymentPostprocessing = 0;
		};
/* End PBXResourcesBuildPhase section */

/* Begin PBXSourcesBuildPhase section */
		D25E07C81BA1C80400C3C586 /* Sources */ = {
			isa = PBXSourcesBuildPhase;
			buildActionMask = 2147483647;
			files = (
				D25E07D51BA1C80400C3C586 /* AppDelegate.m in Sources */,
				D25E08331BA6BCF000C3C586 /* FlickerViewController.m in Sources */,
				D25E08051BA2A82600C3C586 /* ListViewController.m in Sources */,
				D25E08471BA700F100C3C586 /* DetailImageViewController.m in Sources */,
				D25E08221BA2CF5600C3C586 /* CoordinatesViewCell.m in Sources */,
				D25E08121BA2BDA700C3C586 /* CoreDataHelper.m in Sources */,
				D25E08271BA3083300C3C586 /* DetailCoordinatesViewController.m in Sources */,
				D25E080E1BA2BBE900C3C586 /* Coordinates.m in Sources */,
				D25E08091BA2AAD100C3C586 /* Annotation.m in Sources */,
				D25E07D81BA1C80400C3C586 /* Task1.xcdatamodeld in Sources */,
				D25E07D21BA1C80400C3C586 /* main.m in Sources */,
				D25E081D1BA2CD8200C3C586 /* CoordinatesViewController.m in Sources */,
				D25E083D1BA6C34D00C3C586 /* FlickerCollectionViewCell.m in Sources */,
				D25E07FB1BA2A72500C3C586 /* MapViewController.m in Sources */,
			);
			runOnlyForDeploymentPostprocessing = 0;
		};
		D25E07E41BA1C80400C3C586 /* Sources */ = {
			isa = PBXSourcesBuildPhase;
			buildActionMask = 2147483647;
			files = (
				D25E07EF1BA1C80400C3C586 /* Task1Tests.m in Sources */,
			);
			runOnlyForDeploymentPostprocessing = 0;
		};
/* End PBXSourcesBuildPhase section */

/* Begin PBXTargetDependency section */
		D25E07EA1BA1C80400C3C586 /* PBXTargetDependency */ = {
			isa = PBXTargetDependency;
			target = D25E07CB1BA1C80400C3C586 /* Task1 */;
			targetProxy = D25E07E91BA1C80400C3C586 /* PBXContainerItemProxy */;
		};
/* End PBXTargetDependency section */

/* Begin XCBuildConfiguration section */
		D25E07F01BA1C80400C3C586 /* Debug */ = {
			isa = XCBuildConfiguration;
			buildSettings = {
				ALWAYS_SEARCH_USER_PATHS = NO;
				CLANG_CXX_LANGUAGE_STANDARD = "gnu++0x";
				CLANG_CXX_LIBRARY = "libc++";
				CLANG_ENABLE_MODULES = YES;
				CLANG_ENABLE_OBJC_ARC = YES;
				CLANG_WARN_BOOL_CONVERSION = YES;
				CLANG_WARN_CONSTANT_CONVERSION = YES;
				CLANG_WARN_DIRECT_OBJC_ISA_USAGE = YES_ERROR;
				CLANG_WARN_EMPTY_BODY = YES;
				CLANG_WARN_ENUM_CONVERSION = YES;
				CLANG_WARN_INT_CONVERSION = YES;
				CLANG_WARN_OBJC_ROOT_CLASS = YES_ERROR;
				CLANG_WARN_UNREACHABLE_CODE = YES;
				CLANG_WARN__DUPLICATE_METHOD_MATCH = YES;
				"CODE_SIGN_IDENTITY[sdk=iphoneos*]" = "iPhone Developer";
				COPY_PHASE_STRIP = NO;
				DEBUG_INFORMATION_FORMAT = "dwarf-with-dsym";
				ENABLE_STRICT_OBJC_MSGSEND = YES;
				GCC_C_LANGUAGE_STANDARD = gnu99;
				GCC_DYNAMIC_NO_PIC = NO;
				GCC_NO_COMMON_BLOCKS = YES;
				GCC_OPTIMIZATION_LEVEL = 0;
				GCC_PREPROCESSOR_DEFINITIONS = (
					"DEBUG=1",
					"$(inherited)",
				);
				GCC_SYMBOLS_PRIVATE_EXTERN = NO;
				GCC_WARN_64_TO_32_BIT_CONVERSION = YES;
				GCC_WARN_ABOUT_RETURN_TYPE = YES_ERROR;
				GCC_WARN_UNDECLARED_SELECTOR = YES;
				GCC_WARN_UNINITIALIZED_AUTOS = YES_AGGRESSIVE;
				GCC_WARN_UNUSED_FUNCTION = YES;
				GCC_WARN_UNUSED_VARIABLE = YES;
				IPHONEOS_DEPLOYMENT_TARGET = 8.4;
				MTL_ENABLE_DEBUG_INFO = YES;
				ONLY_ACTIVE_ARCH = YES;
				SDKROOT = iphoneos;
				TARGETED_DEVICE_FAMILY = "1,2";
			};
			name = Debug;
		};
		D25E07F11BA1C80400C3C586 /* Release */ = {
			isa = XCBuildConfiguration;
			buildSettings = {
				ALWAYS_SEARCH_USER_PATHS = NO;
				CLANG_CXX_LANGUAGE_STANDARD = "gnu++0x";
				CLANG_CXX_LIBRARY = "libc++";
				CLANG_ENABLE_MODULES = YES;
				CLANG_ENABLE_OBJC_ARC = YES;
				CLANG_WARN_BOOL_CONVERSION = YES;
				CLANG_WARN_CONSTANT_CONVERSION = YES;
				CLANG_WARN_DIRECT_OBJC_ISA_USAGE = YES_ERROR;
				CLANG_WARN_EMPTY_BODY = YES;
				CLANG_WARN_ENUM_CONVERSION = YES;
				CLANG_WARN_INT_CONVERSION = YES;
				CLANG_WARN_OBJC_ROOT_CLASS = YES_ERROR;
				CLANG_WARN_UNREACHABLE_CODE = YES;
				CLANG_WARN__DUPLICATE_METHOD_MATCH = YES;
				"CODE_SIGN_IDENTITY[sdk=iphoneos*]" = "iPhone Developer";
				COPY_PHASE_STRIP = NO;
				DEBUG_INFORMATION_FORMAT = "dwarf-with-dsym";
				ENABLE_NS_ASSERTIONS = NO;
				ENABLE_STRICT_OBJC_MSGSEND = YES;
				GCC_C_LANGUAGE_STANDARD = gnu99;
				GCC_NO_COMMON_BLOCKS = YES;
				GCC_WARN_64_TO_32_BIT_CONVERSION = YES;
				GCC_WARN_ABOUT_RETURN_TYPE = YES_ERROR;
				GCC_WARN_UNDECLARED_SELECTOR = YES;
				GCC_WARN_UNINITIALIZED_AUTOS = YES_AGGRESSIVE;
				GCC_WARN_UNUSED_FUNCTION = YES;
				GCC_WARN_UNUSED_VARIABLE = YES;
				IPHONEOS_DEPLOYMENT_TARGET = 8.4;
				MTL_ENABLE_DEBUG_INFO = NO;
				SDKROOT = iphoneos;
				TARGETED_DEVICE_FAMILY = "1,2";
				VALIDATE_PRODUCT = YES;
			};
			name = Release;
		};
		D25E07F31BA1C80400C3C586 /* Debug */ = {
			isa = XCBuildConfiguration;
			buildSettings = {
				ASSETCATALOG_COMPILER_APPICON_NAME = AppIcon;
				INFOPLIST_FILE = Task1/Info.plist;
				LD_RUNPATH_SEARCH_PATHS = "$(inherited) @executable_path/Frameworks";
				PRODUCT_NAME = "$(TARGET_NAME)";
			};
			name = Debug;
		};
		D25E07F41BA1C80400C3C586 /* Release */ = {
			isa = XCBuildConfiguration;
			buildSettings = {
				ASSETCATALOG_COMPILER_APPICON_NAME = AppIcon;
				INFOPLIST_FILE = Task1/Info.plist;
				LD_RUNPATH_SEARCH_PATHS = "$(inherited) @executable_path/Frameworks";
				PRODUCT_NAME = "$(TARGET_NAME)";
			};
			name = Release;
		};
		D25E07F61BA1C80400C3C586 /* Debug */ = {
			isa = XCBuildConfiguration;
			buildSettings = {
				BUNDLE_LOADER = "$(TEST_HOST)";
				FRAMEWORK_SEARCH_PATHS = (
					"$(SDKROOT)/Developer/Library/Frameworks",
					"$(inherited)",
				);
				GCC_PREPROCESSOR_DEFINITIONS = (
					"DEBUG=1",
					"$(inherited)",
				);
				INFOPLIST_FILE = Task1Tests/Info.plist;
				LD_RUNPATH_SEARCH_PATHS = "$(inherited) @executable_path/Frameworks @loader_path/Frameworks";
				PRODUCT_NAME = "$(TARGET_NAME)";
				TEST_HOST = "$(BUILT_PRODUCTS_DIR)/Task1.app/Task1";
			};
			name = Debug;
		};
		D25E07F71BA1C80400C3C586 /* Release */ = {
			isa = XCBuildConfiguration;
			buildSettings = {
				BUNDLE_LOADER = "$(TEST_HOST)";
				FRAMEWORK_SEARCH_PATHS = (
					"$(SDKROOT)/Developer/Library/Frameworks",
					"$(inherited)",
				);
				INFOPLIST_FILE = Task1Tests/Info.plist;
				LD_RUNPATH_SEARCH_PATHS = "$(inherited) @executable_path/Frameworks @loader_path/Frameworks";
				PRODUCT_NAME = "$(TARGET_NAME)";
				TEST_HOST = "$(BUILT_PRODUCTS_DIR)/Task1.app/Task1";
			};
			name = Release;
		};
/* End XCBuildConfiguration section */

/* Begin XCConfigurationList section */
		D25E07C71BA1C80400C3C586 /* Build configuration list for PBXProject "Task1" */ = {
			isa = XCConfigurationList;
			buildConfigurations = (
				D25E07F01BA1C80400C3C586 /* Debug */,
				D25E07F11BA1C80400C3C586 /* Release */,
			);
			defaultConfigurationIsVisible = 0;
			defaultConfigurationName = Release;
		};
		D25E07F21BA1C80400C3C586 /* Build configuration list for PBXNativeTarget "Task1" */ = {
			isa = XCConfigurationList;
			buildConfigurations = (
				D25E07F31BA1C80400C3C586 /* Debug */,
				D25E07F41BA1C80400C3C586 /* Release */,
			);
			defaultConfigurationIsVisible = 0;
			defaultConfigurationName = Release;
		};
		D25E07F51BA1C80400C3C586 /* Build configuration list for PBXNativeTarget "Task1Tests" */ = {
			isa = XCConfigurationList;
			buildConfigurations = (
				D25E07F61BA1C80400C3C586 /* Debug */,
				D25E07F71BA1C80400C3C586 /* Release */,
			);
			defaultConfigurationIsVisible = 0;
			defaultConfigurationName = Release;
		};
/* End XCConfigurationList section */

/* Begin XCVersionGroup section */
		D25E07D61BA1C80400C3C586 /* Task1.xcdatamodeld */ = {
			isa = XCVersionGroup;
			children = (
				D25E07D71BA1C80400C3C586 /* Task1.xcdatamodel */,
			);
			currentVersion = D25E07D71BA1C80400C3C586 /* Task1.xcdatamodel */;
			path = Task1.xcdatamodeld;
			sourceTree = "<group>";
			versionGroupType = wrapper.xcdatamodel;
		};
/* End XCVersionGroup section */
	};
	rootObject = D25E07C41BA1C80400C3C586 /* Project object */;
}
